
Microsoft Visual Studio Solution File, Format Version 12.00
# Visual Studio 15
VisualStudioVersion = 15.0.27004.2008
MinimumVisualStudioVersion = 10.0.40219.1
Project("{FAE04EC0-301F-11D3-BF4B-00C04F79EFBC}") = "SharpPcap测试", "SharpPcap测试\SharpPcap测试.csproj", "{09C23AD0-1361-4AC8-9F95-3788B1F8F64B}"
EndProject
Global
	GlobalSection(SolutionConfigurationPlatforms) = preSolution
		Debug|Any CPU = Debug|Any CPU
		Release|Any CPU = Release|Any CPU
	EndGlobalSection
	GlobalSection(ProjectConfigurationPlatforms) = postSolution
		{09C23AD0-1361-4AC8-9F95-3788B1F8F64B}.Debug|Any CPU.ActiveCfg = Debug|Any CPU
		{09C23AD0-1361-4AC8-9F95-3788B1F8F64B}.Debug|Any CPU.Build.0 = Debug|Any CPU
		{09C23AD0-1361-4AC8-9F95-3788B1F8F64B}.Release|Any CPU.ActiveCfg = Release|Any CPU
		{09C23AD0-1361-4AC8-9F95-3788B1F8F64B}.Release|Any CPU.Build.0 = Release|Any CPU
	EndGlobalSection
	GlobalSection(SolutionProperties) = preSolution
		HideSolutionNode = FALSE
	EndGlobalSection
	GlobalSection(ExtensibilityGlobals) = postSolution
		SolutionGuid = {0640F025-9CC0-461F-8CEC-99468AC9E0A8}
	EndGlobalSection
EndGlobal
